// !$*UTF8*$!
{
	archiveVersion = 1;
	classes = {
	};
	objectVersion = 50;
	objects = {

/* Begin PBXBuildFile section */
		22609863227AE35D0068C211 /* AppDelegate.m in Sources */ = {isa = PBXBuildFile; fileRef = 22609862227AE35D0068C211 /* AppDelegate.m */; };
		22609866227AE35D0068C211 /* ViewController.m in Sources */ = {isa = PBXBuildFile; fileRef = 22609865227AE35D0068C211 /* ViewController.m */; };
		22609869227AE35D0068C211 /* Main.storyboard in Resources */ = {isa = PBXBuildFile; fileRef = 22609867227AE35D0068C211 /* Main.storyboard */; };
		2260986C227AE35D0068C211 /* IGListKitDemo.xcdatamodeld in Sources */ = {isa = PBXBuildFile; fileRef = 2260986A227AE35D0068C211 /* IGListKitDemo.xcdatamodeld */; };
		2260986E227AE35F0068C211 /* Assets.xcassets in Resources */ = {isa = PBXBuildFile; fileRef = 2260986D227AE35F0068C211 /* Assets.xcassets */; };
		22609871227AE35F0068C211 /* LaunchScreen.storyboard in Resources */ = {isa = PBXBuildFile; fileRef = 2260986F227AE35F0068C211 /* LaunchScreen.storyboard */; };
		22609874227AE35F0068C211 /* main.m in Sources */ = {isa = PBXBuildFile; fileRef = 22609873227AE35F0068C211 /* main.m */; };
		2260987B227AE3EA0068C211 /* Podfile in Resources */ = {isa = PBXBuildFile; fileRef = 2260987A227AE3EA0068C211 /* Podfile */; };
		A1FC8451EDA34FD6F4EB01BB /* libPods-IGListKitDemo.a in Frameworks */ = {isa = PBXBuildFile; fileRef = FC4A12234684AE1D6CD197C2 /* libPods-IGListKitDemo.a */; };
/* End PBXBuildFile section */

/* Begin PBXFileReference section */
		2260985E227AE35D0068C211 /* IGListKitDemo.app */ = {isa = PBXFileReference; explicitFileType = wrapper.application; includeInIndex = 0; path = IGListKitDemo.app; sourceTree = BUILT_PRODUCTS_DIR; };
		22609861227AE35D0068C211 /* AppDelegate.h */ = {isa = PBXFileReference; lastKnownFileType = sourcecode.c.h; path = AppDelegate.h; sourceTree = "<group>"; };
		22609862227AE35D0068C211 /* AppDelegate.m */ = {isa = PBXFileReference; lastKnownFileType = sourcecode.c.objc; path = AppDelegate.m; sourceTree = "<group>"; };
		22609864227AE35D0068C211 /* ViewController.h */ = {isa = PBXFileReference; lastKnownFileType = sourcecode.c.h; path = ViewController.h; sourceTree = "<group>"; };
		22609865227AE35D0068C211 /* ViewController.m */ = {isa = PBXFileReference; lastKnownFileType = sourcecode.c.objc; path = ViewController.m; sourceTree = "<group>"; };
		22609868227AE35D0068C211 /* Base */ = {isa = PBXFileReference; lastKnownFileType = file.storyboard; name = Base; path = Base.lproj/Main.storyboard; sourceTree = "<group>"; };
		2260986B227AE35D0068C211 /* IGListKitDemo.xcdatamodel */ = {isa = PBXFileReference; lastKnownFileType = wrapper.xcdatamodel; path = IGListKitDemo.xcdatamodel; sourceTree = "<group>"; };
		2260986D227AE35F0068C211 /* Assets.xcassets */ = {isa = PBXFileReference; lastKnownFileType = folder.assetcatalog; path = Assets.xcassets; sourceTree = "<group>"; };
		22609870227AE35F0068C211 /* Base */ = {isa = PBXFileReference; lastKnownFileType = file.storyboard; name = Base; path = Base.lproj/LaunchScreen.storyboard; sourceTree = "<group>"; };
		22609872227AE35F0068C211 /* Info.plist */ = {isa = PBXFileReference; lastKnownFileType = text.plist.xml; path = Info.plist; sourceTree = "<group>"; };
		22609873227AE35F0068C211 /* main.m */ = {isa = PBXFileReference; lastKnownFileType = sourcecode.c.objc; path = main.m; sourceTree = "<group>"; };
		2260987A227AE3EA0068C211 /* Podfile */ = {isa = PBXFileReference; lastKnownFileType = text; path = Podfile; sourceTree = "<group>"; };
		2C56D54BFCA248A2264D625A /* Pods-IGListKitDemo.release.xcconfig */ = {isa = PBXFileReference; includeInIndex = 1; lastKnownFileType = text.xcconfig; name = "Pods-IGListKitDemo.release.xcconfig"; path = "Target Support Files/Pods-IGListKitDemo/Pods-IGListKitDemo.release.xcconfig"; sourceTree = "<group>"; };
		CB5C3CB5F575F3C6A394ED47 /* Pods-IGListKitDemo.debug.xcconfig */ = {isa = PBXFileReference; includeInIndex = 1; lastKnownFileType = text.xcconfig; name = "Pods-IGListKitDemo.debug.xcconfig"; path = "Target Support Files/Pods-IGListKitDemo/Pods-IGListKitDemo.debug.xcconfig"; sourceTree = "<group>"; };
		FC4A12234684AE1D6CD197C2 /* libPods-IGListKitDemo.a */ = {isa = PBXFileReference; explicitFileType = archive.ar; includeInIndex = 0; path = "libPods-IGListKitDemo.a"; sourceTree = BUILT_PRODUCTS_DIR; };
/* End PBXFileReference section */

/* Begin PBXFrameworksBuildPhase section */
		2260985B227AE35D0068C211 /* Frameworks */ = {
			isa = PBXFrameworksBuildPhase;
			buildActionMask = 2147483647;
			files = (
				A1FC8451EDA34FD6F4EB01BB /* libPods-IGListKitDemo.a in Frameworks */,
			);
			runOnlyForDeploymentPostprocessing = 0;
		};
/* End PBXFrameworksBuildPhase section */

/* Begin PBXGroup section */
		22609855227AE35D0068C211 = {
			isa = PBXGroup;
			children = (
				2260987A227AE3EA0068C211 /* Podfile */,
				22609860227AE35D0068C211 /* IGListKitDemo */,
				2260985F227AE35D0068C211 /* Products */,
				B855E9B42B772F69345950B6 /* Pods */,
				AD3A65E5379AC61BB5AD18A4 /* Frameworks */,
			);
			sourceTree = "<group>";
		};
		2260985F227AE35D0068C211 /* Products */ = {
			isa = PBXGroup;
			children = (
				2260985E227AE35D0068C211 /* IGListKitDemo.app */,
			);
			name = Products;
			sourceTree = "<group>";
		};
		22609860227AE35D0068C211 /* IGListKitDemo */ = {
			isa = PBXGroup;
			children = (
				22609861227AE35D0068C211 /* AppDelegate.h */,
				22609862227AE35D0068C211 /* AppDelegate.m */,
				22609864227AE35D0068C211 /* ViewController.h */,
				22609865227AE35D0068C211 /* ViewController.m */,
				22609867227AE35D0068C211 /* Main.storyboard */,
				2260986D227AE35F0068C211 /* Assets.xcassets */,
				2260986F227AE35F0068C211 /* LaunchScreen.storyboard */,
				22609872227AE35F0068C211 /* Info.plist */,
				22609873227AE35F0068C211 /* main.m */,
				2260986A227AE35D0068C211 /* IGListKitDemo.xcdatamodeld */,
			);
			path = IGListKitDemo;
			sourceTree = "<group>";
		};
		AD3A65E5379AC61BB5AD18A4 /* Frameworks */ = {
			isa = PBXGroup;
			children = (
				FC4A12234684AE1D6CD197C2 /* libPods-IGListKitDemo.a */,
			);
			name = Frameworks;
			sourceTree = "<group>";
		};
		B855E9B42B772F69345950B6 /* Pods */ = {
			isa = PBXGroup;
			children = (
				CB5C3CB5F575F3C6A394ED47 /* Pods-IGListKitDemo.debug.xcconfig */,
				2C56D54BFCA248A2264D625A /* Pods-IGListKitDemo.release.xcconfig */,
			);
			name = Pods;
			path = Pods;
			sourceTree = "<group>";
		};
/* End PBXGroup section */

/* Begin PBXNativeTarget section */
		2260985D227AE35D0068C211 /* IGListKitDemo */ = {
			isa = PBXNativeTarget;
			buildConfigurationList = 22609877227AE35F0068C211 /* Build configuration list for PBXNativeTarget "IGListKitDemo" */;
			buildPhases = (
				1330CF7D6F220118E02B47B3 /* [CP] Check Pods Manifest.lock */,
				2260985A227AE35D0068C211 /* Sources */,
				2260985B227AE35D0068C211 /* Frameworks */,
				2260985C227AE35D0068C211 /* Resources */,
			);
			buildRules = (
			);
			dependencies = (
			);
			name = IGListKitDemo;
			productName = IGListKitDemo;
			productReference = 2260985E227AE35D0068C211 /* IGListKitDemo.app */;
			productType = "com.apple.product-type.application";
		};
/* End PBXNativeTarget section */

/* Begin PBXProject section */
		22609856227AE35D0068C211 /* Project object */ = {
			isa = PBXProject;
			attributes = {
				LastUpgradeCheck = 1010;
				ORGANIZATIONNAME = haili;
				TargetAttributes = {
					2260985D227AE35D0068C211 = {
						CreatedOnToolsVersion = 10.1;
					};
				};
			};
			buildConfigurationList = 22609859227AE35D0068C211 /* Build configuration list for PBXProject "IGListKitDemo" */;
			compatibilityVersion = "Xcode 9.3";
			developmentRegion = en;
			hasScannedForEncodings = 0;
			knownRegions = (
				en,
				Base,
			);
			mainGroup = 22609855227AE35D0068C211;
			productRefGroup = 2260985F227AE35D0068C211 /* Products */;
			projectDirPath = "";
			projectRoot = "";
			targets = (
				2260985D227AE35D0068C211 /* IGListKitDemo */,
			);
		};
/* End PBXProject section */

/* Begin PBXResourcesBuildPhase section */
		2260985C227AE35D0068C211 /* Resources */ = {
			isa = PBXResourcesBuildPhase;
			buildActionMask = 2147483647;
			files = (
				22609871227AE35F0068C211 /* LaunchScreen.storyboard in Resources */,
				2260986E227AE35F0068C211 /* Assets.xcassets in Resources */,
				2260987B227AE3EA0068C211 /* Podfile in Resources */,
				22609869227AE35D0068C211 /* Main.storyboard in Resources */,
			);
			runOnlyForDeploymentPostprocessing = 0;
		};
/* End PBXResourcesBuildPhase section */

/* Begin PBXShellScriptBuildPhase section */
		1330CF7D6F220118E02B47B3 /* [CP] Check Pods Manifest.lock */ = {
			isa = PBXShellScriptBuildPhase;
			buildActionMask = 2147483647;
			files = (
			);
			inputFileListPaths = (
			);
			inputPaths = (
				"${PODS_PODFILE_DIR_PATH}/Podfile.lock",
				"${PODS_ROOT}/Manifest.lock",
			);
			name = "[CP] Check Pods Manifest.lock";
			outputFileListPaths = (
			);
			outputPaths = (
				"$(DERIVED_FILE_DIR)/Pods-IGListKitDemo-checkManifestLockResult.txt",
			);
			runOnlyForDeploymentPostprocessing = 0;
			shellPath = /bin/sh;
			shellScript = "diff \"${PODS_PODFILE_DIR_PATH}/Podfile.lock\" \"${PODS_ROOT}/Manifest.lock\" > /dev/null\nif [ $? != 0 ] ; then\n    # print error to STDERR\n    echo \"error: The sandbox is not in sync with the Podfile.lock. Run 'pod install' or update your CocoaPods installation.\" >&2\n    exit 1\nfi\n# This output is used by Xcode 'outputs' to avoid re-running this script phase.\necho \"SUCCESS\" > \"${SCRIPT_OUTPUT_FILE_0}\"\n";
			showEnvVarsInLog = 0;
		};
/* End PBXShellScriptBuildPhase section */

/* Begin PBXSourcesBuildPhase section */
		2260985A227AE35D0068C211 /* Sources */ = {
			isa = PBXSourcesBuildPhase;
			buildActionMask = 2147483647;
			files = (
				22609866227AE35D0068C211 /* ViewController.m in Sources */,
				22609863227AE35D0068C211 /* AppDelegate.m in Sources */,
				22609874227AE35F0068C211 /* main.m in Sources */,
				2260986C227AE35D0068C211 /* IGListKitDemo.xcdatamodeld in Sources */,
			);
			runOnlyForDeploymentPostprocessing = 0;
		};
/* End PBXSourcesBuildPhase section */

/* Begin PBXVariantGroup section */
		22609867227AE35D0068C211 /* Main.storyboard */ = {
			isa = PBXVariantGroup;
			children = (
				22609868227AE35D0068C211 /* Base */,
			);
			name = Main.storyboard;
			sourceTree = "<group>";
		};
		2260986F227AE35F0068C211 /* LaunchScreen.storyboard */ = {
			isa = PBXVariantGroup;
			children = (
				22609870227AE35F0068C211 /* Base */,
			);
			name = LaunchScreen.storyboard;
			sourceTree = "<group>";
		};
/* End PBXVariantGroup section */

/* Begin XCBuildConfiguration section */
		22609875227AE35F0068C211 /* Debug */ = {
			isa = XCBuildConfiguration;
			buildSettings = {
				ALWAYS_SEARCH_USER_PATHS = NO;
				CLANG_ANALYZER_NONNULL = YES;
				CLANG_ANALYZER_NUMBER_OBJECT_CONVERSION = YES_AGGRESSIVE;
				CLANG_CXX_LANGUAGE_STANDARD = "gnu++14";
				CLANG_CXX_LIBRARY = "libc++";
				CLANG_ENABLE_MODULES = YES;
				CLANG_ENABLE_OBJC_ARC = YES;
				CLANG_ENABLE_OBJC_WEAK = YES;
				CLANG_WARN_BLOCK_CAPTURE_AUTORELEASING = YES;
				CLANG_WARN_BOOL_CONVERSION = YES;
				CLANG_WARN_COMMA = YES;
				CLANG_WARN_CONSTANT_CONVERSION = YES;
				CLANG_WARN_DEPRECATED_OBJC_IMPLEMENTATIONS = YES;
				CLANG_WARN_DIRECT_OBJC_ISA_USAGE = YES_ERROR;
				CLANG_WARN_DOCUMENTATION_COMMENTS = YES;
				CLANG_WARN_EMPTY_BODY = YES;
				CLANG_WARN_ENUM_CONVERSION = YES;
				CLANG_WARN_INFINITE_RECURSION = YES;
				CLANG_WARN_INT_CONVERSION = YES;
				CLANG_WARN_NON_LITERAL_NULL_CONVERSION = YES;
				CLANG_WARN_OBJC_IMPLICIT_RETAIN_SELF = YES;
				CLANG_WARN_OBJC_LITERAL_CONVERSION = YES;
				CLANG_WARN_OBJC_ROOT_CLASS = YES_ERROR;
				CLANG_WARN_RANGE_LOOP_ANALYSIS = YES;
				CLANG_WARN_STRICT_PROTOTYPES = YES;
				CLANG_WARN_SUSPICIOUS_MOVE = YES;
				CLANG_WARN_UNGUARDED_AVAILABILITY = YES_AGGRESSIVE;
				CLANG_WARN_UNREACHABLE_CODE = YES;
				CLANG_WARN__DUPLICATE_METHOD_MATCH = YES;
				CODE_SIGN_IDENTITY = "iPhone Developer";
				COPY_PHASE_STRIP = NO;
				DEBUG_INFORMATION_FORMAT = dwarf;
				ENABLE_STRICT_OBJC_MSGSEND = YES;
				ENABLE_TESTABILITY = YES;
				GCC_C_LANGUAGE_STANDARD = gnu11;
				GCC_DYNAMIC_NO_PIC = NO;
				GCC_NO_COMMON_BLOCKS = YES;
				GCC_OPTIMIZATION_LEVEL = 0;
				GCC_PREPROCESSOR_DEFINITIONS = (
					"DEBUG=1",
					"$(inherited)",
				);
				GCC_WARN_64_TO_32_BIT_CONVERSION = YES;
				GCC_WARN_ABOUT_RETURN_TYPE = YES_ERROR;
				GCC_WARN_UNDECLARED_SELECTOR = YES;
				GCC_WARN_UNINITIALIZED_AUTOS = YES_AGGRESSIVE;
				GCC_WARN_UNUSED_FUNCTION = YES;
				GCC_WARN_UNUSED_VARIABLE = YES;
				IPHONEOS_DEPLOYMENT_TARGET = 12.1;
				MTL_ENABLE_DEBUG_INFO = INCLUDE_SOURCE;
				MTL_FAST_MATH = YES;
				ONLY_ACTIVE_ARCH = YES;
				SDKROOT = iphoneos;
			};
			name = Debug;
		};
		22609876227AE35F0068C211 /* Release */ = {
			isa = XCBuildConfiguration;
			buildSettings = {
				ALWAYS_SEARCH_USER_PATHS = NO;
				CLANG_ANALYZER_NONNULL = YES;
				CLANG_ANALYZER_NUMBER_OBJECT_CONVERSION = YES_AGGRESSIVE;
				CLANG_CXX_LANGUAGE_STANDARD = "gnu++14";
				CLANG_CXX_LIBRARY = "libc++";
				CLANG_ENABLE_MODULES = YES;
				CLANG_ENABLE_OBJC_ARC = YES;
				CLANG_ENABLE_OBJC_WEAK = YES;
				CLANG_WARN_BLOCK_CAPTURE_AUTORELEASING = YES;
				CLANG_WARN_BOOL_CONVERSION = YES;
				CLANG_WARN_COMMA = YES;
				CLANG_WARN_CONSTANT_CONVERSION = YES;
				CLANG_WARN_DEPRECATED_OBJC_IMPLEMENTATIONS = YES;
				CLANG_WARN_DIRECT_OBJC_ISA_USAGE = YES_ERROR;
				CLANG_WARN_DOCUMENTATION_COMMENTS = YES;
				CLANG_WARN_EMPTY_BODY = YES;
				CLANG_WARN_ENUM_CONVERSION = YES;
				CLANG_WARN_INFINITE_RECURSION = YES;
				CLANG_WARN_INT_CONVERSION = YES;
				CLANG_WARN_NON_LITERAL_NULL_CONVERSION = YES;
				CLANG_WARN_OBJC_IMPLICIT_RETAIN_SELF = YES;
				CLANG_WARN_OBJC_LITERAL_CONVERSION = YES;
				CLANG_WARN_OBJC_ROOT_CLASS = YES_ERROR;
				CLANG_WARN_RANGE_LOOP_ANALYSIS = YES;
				CLANG_WARN_STRICT_PROTOTYPES = YES;
				CLANG_WARN_SUSPICIOUS_MOVE = YES;
				CLANG_WARN_UNGUARDED_AVAILABILITY = YES_AGGRESSIVE;
				CLANG_WARN_UNREACHABLE_CODE = YES;
				CLANG_WARN__DUPLICATE_METHOD_MATCH = YES;
				CODE_SIGN_IDENTITY = "iPhone Developer";
				COPY_PHASE_STRIP = NO;
				DEBUG_INFORMATION_FORMAT = "dwarf-with-dsym";
				ENABLE_NS_ASSERTIONS = NO;
				ENABLE_STRICT_OBJC_MSGSEND = YES;
				GCC_C_LANGUAGE_STANDARD = gnu11;
				GCC_NO_COMMON_BLOCKS = YES;
				GCC_WARN_64_TO_32_BIT_CONVERSION = YES;
				GCC_WARN_ABOUT_RETURN_TYPE = YES_ERROR;
				GCC_WARN_UNDECLARED_SELECTOR = YES;
				GCC_WARN_UNINITIALIZED_AUTOS = YES_AGGRESSIVE;
				GCC_WARN_UNUSED_FUNCTION = YES;
				GCC_WARN_UNUSED_VARIABLE = YES;
				IPHONEOS_DEPLOYMENT_TARGET = 12.1;
				MTL_ENABLE_DEBUG_INFO = NO;
				MTL_FAST_MATH = YES;
				SDKROOT = iphoneos;
				VALIDATE_PRODUCT = YES;
			};
			name = Release;
		};
		22609878227AE35F0068C211 /* Debug */ = {
			isa = XCBuildConfiguration;
			baseConfigurationReference = CB5C3CB5F575F3C6A394ED47 /* Pods-IGListKitDemo.debug.xcconfig */;
			buildSettings = {
				ASSETCATALOG_COMPILER_APPICON_NAME = AppIcon;
				CODE_SIGN_STYLE = Automatic;
				DEVELOPMENT_TEAM = B6546S5LLN;
				INFOPLIST_FILE = IGListKitDemo/Info.plist;
				LD_RUNPATH_SEARCH_PATHS = (
					"$(inherited)",
					"@executable_path/Frameworks",
				);
				PRODUCT_BUNDLE_IDENTIFIER = com.haili.IGListKitDemo;
				PRODUCT_NAME = "$(TARGET_NAME)";
				TARGETED_DEVICE_FAMILY = "1,2";
			};
			name = Debug;
		};
		22609879227AE35F0068C211 /* Release */ = {
			isa = XCBuildConfiguration;
			baseConfigurationReference = 2C56D54BFCA248A2264D625A /* Pods-IGListKitDemo.release.xcconfig */;
			buildSettings = {
				ASSETCATALOG_COMPILER_APPICON_NAME = AppIcon;
				CODE_SIGN_STYLE = Automatic;
				DEVELOPMENT_TEAM = B6546S5LLN;
				INFOPLIST_FILE = IGListKitDemo/Info.plist;
				LD_RUNPATH_SEARCH_PATHS = (
					"$(inherited)",
					"@executable_path/Frameworks",
				);
				PRODUCT_BUNDLE_IDENTIFIER = com.haili.IGListKitDemo;
				PRODUCT_NAME = "$(TARGET_NAME)";
				TARGETED_DEVICE_FAMILY = "1,2";
			};
			name = Release;
		};
/* End XCBuildConfiguration section */

/* Begin XCConfigurationList section */
		22609859227AE35D0068C211 /* Build configuration list for PBXProject "IGListKitDemo" */ = {
			isa = XCConfigurationList;
			buildConfigurations = (
				22609875227AE35F0068C211 /* Debug */,
				22609876227AE35F0068C211 /* Release */,
			);
			defaultConfigurationIsVisible = 0;
			defaultConfigurationName = Release;
		};
		22609877227AE35F0068C211 /* Build configuration list for PBXNativeTarget "IGListKitDemo" */ = {
			isa = XCConfigurationList;
			buildConfigurations = (
				22609878227AE35F0068C211 /* Debug */,
				22609879227AE35F0068C211 /* Release */,
			);
			defaultConfigurationIsVisible = 0;
			defaultConfigurationName = Release;
		};
/* End XCConfigurationList section */

/* Begin XCVersionGroup section */
		2260986A227AE35D0068C211 /* IGListKitDemo.xcdatamodeld */ = {
			isa = XCVersionGroup;
			children = (
				2260986B227AE35D0068C211 /* IGListKitDemo.xcdatamodel */,
			);
			currentVersion = 2260986B227AE35D0068C211 /* IGListKitDemo.xcdatamodel */;
			path = IGListKitDemo.xcdatamodeld;
			sourceTree = "<group>";
			versionGroupType = wrapper.xcdatamodel;
		};
/* End XCVersionGroup section */
	};
	rootObject = 22609856227AE35D0068C211 /* Project object */;
}
